// !$*UTF8*$!
{
	archiveVersion = 1;
	classes = {
	};
	objectVersion = 46;
	objects = {

/* Begin PBXBuildFile section */
		3D37A61816A31A7600E6EB49 /* UIImage+Additons.m in Sources */ = {isa = PBXBuildFile; fileRef = 3D37A61716A31A7600E6EB49 /* UIImage+Additons.m */; };
		3D37A61B16A32EA800E6EB49 /* DetailViewController.m in Sources */ = {isa = PBXBuildFile; fileRef = 3D37A61A16A32EA800E6EB49 /* DetailViewController.m */; };
		3D37A62116A3531700E6EB49 /* MapKit.framework in Frameworks */ = {isa = PBXBuildFile; fileRef = 3D37A62016A3531700E6EB49 /* MapKit.framework */; };
		3D37A62316A3541300E6EB49 /* QuartzCore.framework in Frameworks */ = {isa = PBXBuildFile; fileRef = 3D37A62216A3541300E6EB49 /* QuartzCore.framework */; };
		3D37A62616A3554F00E6EB49 /* Annotation.m in Sources */ = {isa = PBXBuildFile; fileRef = 3D37A62516A3554F00E6EB49 /* Annotation.m */; };
		3DF40ADB16A08BE200C05F6D /* UIKit.framework in Frameworks */ = {isa = PBXBuildFile; fileRef = 3DF40ADA16A08BE200C05F6D /* UIKit.framework */; };
		3DF40ADD16A08BE200C05F6D /* Foundation.framework in Frameworks */ = {isa = PBXBuildFile; fileRef = 3DF40ADC16A08BE200C05F6D /* Foundation.framework */; };
		3DF40ADF16A08BE200C05F6D /* CoreGraphics.framework in Frameworks */ = {isa = PBXBuildFile; fileRef = 3DF40ADE16A08BE200C05F6D /* CoreGraphics.framework */; };
		3DF40AE516A08BE200C05F6D /* InfoPlist.strings in Resources */ = {isa = PBXBuildFile; fileRef = 3DF40AE316A08BE200C05F6D /* InfoPlist.strings */; };
		3DF40AE716A08BE200C05F6D /* main.m in Sources */ = {isa = PBXBuildFile; fileRef = 3DF40AE616A08BE200C05F6D /* main.m */; };
		3DF40AEB16A08BE200C05F6D /* AppDelegate.m in Sources */ = {isa = PBXBuildFile; fileRef = 3DF40AEA16A08BE200C05F6D /* AppDelegate.m */; };
		3DF40AED16A08BE200C05F6D /* Default.png in Resources */ = {isa = PBXBuildFile; fileRef = 3DF40AEC16A08BE200C05F6D /* Default.png */; };
		3DF40AEF16A08BE200C05F6D /* Default@2x.png in Resources */ = {isa = PBXBuildFile; fileRef = 3DF40AEE16A08BE200C05F6D /* Default@2x.png */; };
		3DF40AF116A08BE200C05F6D /* Default-568h@2x.png in Resources */ = {isa = PBXBuildFile; fileRef = 3DF40AF016A08BE200C05F6D /* Default-568h@2x.png */; };
		3DF40B1F16A08FC000C05F6D /* RootViewController.m in Sources */ = {isa = PBXBuildFile; fileRef = 3DF40B1E16A08FC000C05F6D /* RootViewController.m */; };
		3DF40B2516A0910100C05F6D /* Tab1TableViewController.m in Sources */ = {isa = PBXBuildFile; fileRef = 3DF40B2416A0910100C05F6D /* Tab1TableViewController.m */; };
		3DF40B2816A0911300C05F6D /* Tab2ViewController.m in Sources */ = {isa = PBXBuildFile; fileRef = 3DF40B2716A0911300C05F6D /* Tab2ViewController.m */; };
		3DF40B3C16A0D9A500C05F6D /* CustomTableViewCell.m in Sources */ = {isa = PBXBuildFile; fileRef = 3DF40B3B16A0D9A500C05F6D /* CustomTableViewCell.m */; };
		3DF40B5016A0DAA400C05F6D /* SDImageCache.m in Sources */ = {isa = PBXBuildFile; fileRef = 3DF40B3F16A0DAA400C05F6D /* SDImageCache.m */; };
		3DF40B5116A0DAA400C05F6D /* SDWebImageDecoder.m in Sources */ = {isa = PBXBuildFile; fileRef = 3DF40B4316A0DAA400C05F6D /* SDWebImageDecoder.m */; };
		3DF40B5216A0DAA400C05F6D /* SDWebImageDownloader.m in Sources */ = {isa = PBXBuildFile; fileRef = 3DF40B4516A0DAA400C05F6D /* SDWebImageDownloader.m */; };
		3DF40B5316A0DAA400C05F6D /* SDWebImageManager.m in Sources */ = {isa = PBXBuildFile; fileRef = 3DF40B4816A0DAA400C05F6D /* SDWebImageManager.m */; };
		3DF40B5416A0DAA400C05F6D /* SDWebImagePrefetcher.m in Sources */ = {isa = PBXBuildFile; fileRef = 3DF40B4B16A0DAA400C05F6D /* SDWebImagePrefetcher.m */; };
		3DF40B5516A0DAA400C05F6D /* UIButton+WebCache.m in Sources */ = {isa = PBXBuildFile; fileRef = 3DF40B4D16A0DAA400C05F6D /* UIButton+WebCache.m */; };
		3DF40B5616A0DAA400C05F6D /* UIImageView+WebCache.m in Sources */ = {isa = PBXBuildFile; fileRef = 3DF40B4F16A0DAA400C05F6D /* UIImageView+WebCache.m */; };
/* End PBXBuildFile section */

/* Begin PBXFileReference section */
		3D37A61616A31A7600E6EB49 /* UIImage+Additons.h */ = {isa = PBXFileReference; fileEncoding = 4; lastKnownFileType = sourcecode.c.h; name = "UIImage+Additons.h"; path = "Category/UIImage+Additons.h"; sourceTree = "<group>"; };
		3D37A61716A31A7600E6EB49 /* UIImage+Additons.m */ = {isa = PBXFileReference; fileEncoding = 4; lastKnownFileType = sourcecode.c.objc; name = "UIImage+Additons.m"; path = "Category/UIImage+Additons.m"; sourceTree = "<group>"; };
		3D37A61916A32EA800E6EB49 /* DetailViewController.h */ = {isa = PBXFileReference; fileEncoding = 4; lastKnownFileType = sourcecode.c.h; name = DetailViewController.h; path = Classes/DetailViewController.h; sourceTree = "<group>"; };
		3D37A61A16A32EA800E6EB49 /* DetailViewController.m */ = {isa = PBXFileReference; fileEncoding = 4; lastKnownFileType = sourcecode.c.objc; name = DetailViewController.m; path = Classes/DetailViewController.m; sourceTree = "<group>"; };
		3D37A62016A3531700E6EB49 /* MapKit.framework */ = {isa = PBXFileReference; lastKnownFileType = wrapper.framework; name = MapKit.framework; path = System/Library/Frameworks/MapKit.framework; sourceTree = SDKROOT; };
		3D37A62216A3541300E6EB49 /* QuartzCore.framework */ = {isa = PBXFileReference; lastKnownFileType = wrapper.framework; name = QuartzCore.framework; path = System/Library/Frameworks/QuartzCore.framework; sourceTree = SDKROOT; };
		3D37A62416A3554F00E6EB49 /* Annotation.h */ = {isa = PBXFileReference; fileEncoding = 4; lastKnownFileType = sourcecode.c.h; name = Annotation.h; path = Classes/Annotation.h; sourceTree = "<group>"; };
		3D37A62516A3554F00E6EB49 /* Annotation.m */ = {isa = PBXFileReference; fileEncoding = 4; lastKnownFileType = sourcecode.c.objc; name = Annotation.m; path = Classes/Annotation.m; sourceTree = "<group>"; };
		3DF40AD616A08BE200C05F6D /* Bottle Rocket iOS Developer Test.app */ = {isa = PBXFileReference; explicitFileType = wrapper.application; includeInIndex = 0; path = "Bottle Rocket iOS Developer Test.app"; sourceTree = BUILT_PRODUCTS_DIR; };
		3DF40ADA16A08BE200C05F6D /* UIKit.framework */ = {isa = PBXFileReference; lastKnownFileType = wrapper.framework; name = UIKit.framework; path = System/Library/Frameworks/UIKit.framework; sourceTree = SDKROOT; };
		3DF40ADC16A08BE200C05F6D /* Foundation.framework */ = {isa = PBXFileReference; lastKnownFileType = wrapper.framework; name = Foundation.framework; path = System/Library/Frameworks/Foundation.framework; sourceTree = SDKROOT; };
		3DF40ADE16A08BE200C05F6D /* CoreGraphics.framework */ = {isa = PBXFileReference; lastKnownFileType = wrapper.framework; name = CoreGraphics.framework; path = System/Library/Frameworks/CoreGraphics.framework; sourceTree = SDKROOT; };
		3DF40AE216A08BE200C05F6D /* Bottle Rocket iOS Developer Test-Info.plist */ = {isa = PBXFileReference; lastKnownFileType = text.plist.xml; path = "Bottle Rocket iOS Developer Test-Info.plist"; sourceTree = "<group>"; };
		3DF40AE416A08BE200C05F6D /* en */ = {isa = PBXFileReference; lastKnownFileType = text.plist.strings; name = en; path = en.lproj/InfoPlist.strings; sourceTree = "<group>"; };
		3DF40AE616A08BE200C05F6D /* main.m */ = {isa = PBXFileReference; lastKnownFileType = sourcecode.c.objc; path = main.m; sourceTree = "<group>"; };
		3DF40AE816A08BE200C05F6D /* Bottle Rocket iOS Developer Test-Prefix.pch */ = {isa = PBXFileReference; lastKnownFileType = sourcecode.c.h; path = "Bottle Rocket iOS Developer Test-Prefix.pch"; sourceTree = "<group>"; };
		3DF40AE916A08BE200C05F6D /* AppDelegate.h */ = {isa = PBXFileReference; lastKnownFileType = sourcecode.c.h; path = AppDelegate.h; sourceTree = "<group>"; };
		3DF40AEA16A08BE200C05F6D /* AppDelegate.m */ = {isa = PBXFileReference; lastKnownFileType = sourcecode.c.objc; path = AppDelegate.m; sourceTree = "<group>"; };
		3DF40AEC16A08BE200C05F6D /* Default.png */ = {isa = PBXFileReference; lastKnownFileType = image.png; path = Default.png; sourceTree = "<group>"; };
		3DF40AEE16A08BE200C05F6D /* Default@2x.png */ = {isa = PBXFileReference; lastKnownFileType = image.png; path = "Default@2x.png"; sourceTree = "<group>"; };
		3DF40AF016A08BE200C05F6D /* Default-568h@2x.png */ = {isa = PBXFileReference; lastKnownFileType = image.png; path = "Default-568h@2x.png"; sourceTree = "<group>"; };
		3DF40AF816A08BE200C05F6D /* SenTestingKit.framework */ = {isa = PBXFileReference; lastKnownFileType = wrapper.framework; name = SenTestingKit.framework; path = Library/Frameworks/SenTestingKit.framework; sourceTree = DEVELOPER_DIR; };
		3DF40B1D16A08FC000C05F6D /* RootViewController.h */ = {isa = PBXFileReference; fileEncoding = 4; lastKnownFileType = sourcecode.c.h; name = RootViewController.h; path = Classes/RootViewController.h; sourceTree = "<group>"; };
		3DF40B1E16A08FC000C05F6D /* RootViewController.m */ = {isa = PBXFileReference; fileEncoding = 4; lastKnownFileType = sourcecode.c.objc; name = RootViewController.m; path = Classes/RootViewController.m; sourceTree = "<group>"; };
		3DF40B2316A0910100C05F6D /* Tab1TableViewController.h */ = {isa = PBXFileReference; fileEncoding = 4; lastKnownFileType = sourcecode.c.h; name = Tab1TableViewController.h; path = Classes/Tab1TableViewController.h; sourceTree = "<group>"; };
		3DF40B2416A0910100C05F6D /* Tab1TableViewController.m */ = {isa = PBXFileReference; fileEncoding = 4; lastKnownFileType = sourcecode.c.objc; name = Tab1TableViewController.m; path = Classes/Tab1TableViewController.m; sourceTree = "<group>"; };
		3DF40B2616A0911300C05F6D /* Tab2ViewController.h */ = {isa = PBXFileReference; fileEncoding = 4; lastKnownFileType = sourcecode.c.h; name = Tab2ViewController.h; path = Classes/Tab2ViewController.h; sourceTree = "<group>"; };
		3DF40B2716A0911300C05F6D /* Tab2ViewController.m */ = {isa = PBXFileReference; fileEncoding = 4; lastKnownFileType = sourcecode.c.objc; name = Tab2ViewController.m; path = Classes/Tab2ViewController.m; sourceTree = "<group>"; };
		3DF40B3A16A0D9A500C05F6D /* CustomTableViewCell.h */ = {isa = PBXFileReference; fileEncoding = 4; lastKnownFileType = sourcecode.c.h; name = CustomTableViewCell.h; path = Classes/TableViewCell/CustomTableViewCell.h; sourceTree = "<group>"; };
		3DF40B3B16A0D9A500C05F6D /* CustomTableViewCell.m */ = {isa = PBXFileReference; fileEncoding = 4; lastKnownFileType = sourcecode.c.objc; name = CustomTableViewCell.m; path = Classes/TableViewCell/CustomTableViewCell.m; sourceTree = "<group>"; };
		3DF40B3E16A0DAA400C05F6D /* SDImageCache.h */ = {isa = PBXFileReference; fileEncoding = 4; lastKnownFileType = sourcecode.c.h; path = SDImageCache.h; sourceTree = "<group>"; };
		3DF40B3F16A0DAA400C05F6D /* SDImageCache.m */ = {isa = PBXFileReference; fileEncoding = 4; lastKnownFileType = sourcecode.c.objc; path = SDImageCache.m; sourceTree = "<group>"; };
		3DF40B4016A0DAA400C05F6D /* SDImageCacheDelegate.h */ = {isa = PBXFileReference; fileEncoding = 4; lastKnownFileType = sourcecode.c.h; path = SDImageCacheDelegate.h; sourceTree = "<group>"; };
		3DF40B4116A0DAA400C05F6D /* SDWebImageCompat.h */ = {isa = PBXFileReference; fileEncoding = 4; lastKnownFileType = sourcecode.c.h; path = SDWebImageCompat.h; sourceTree = "<group>"; };
		3DF40B4216A0DAA400C05F6D /* SDWebImageDecoder.h */ = {isa = PBXFileReference; fileEncoding = 4; lastKnownFileType = sourcecode.c.h; path = SDWebImageDecoder.h; sourceTree = "<group>"; };
		3DF40B4316A0DAA400C05F6D /* SDWebImageDecoder.m */ = {isa = PBXFileReference; fileEncoding = 4; lastKnownFileType = sourcecode.c.objc; path = SDWebImageDecoder.m; sourceTree = "<group>"; };
		3DF40B4416A0DAA400C05F6D /* SDWebImageDownloader.h */ = {isa = PBXFileReference; fileEncoding = 4; lastKnownFileType = sourcecode.c.h; path = SDWebImageDownloader.h; sourceTree = "<group>"; };
		3DF40B4516A0DAA400C05F6D /* SDWebImageDownloader.m */ = {isa = PBXFileReference; fileEncoding = 4; lastKnownFileType = sourcecode.c.objc; path = SDWebImageDownloader.m; sourceTree = "<group>"; };
		3DF40B4616A0DAA400C05F6D /* SDWebImageDownloaderDelegate.h */ = {isa = PBXFileReference; fileEncoding = 4; lastKnownFileType = sourcecode.c.h; path = SDWebImageDownloaderDelegate.h; sourceTree = "<group>"; };
		3DF40B4716A0DAA400C05F6D /* SDWebImageManager.h */ = {isa = PBXFileReference; fileEncoding = 4; lastKnownFileType = sourcecode.c.h; path = SDWebImageManager.h; sourceTree = "<group>"; };
		3DF40B4816A0DAA400C05F6D /* SDWebImageManager.m */ = {isa = PBXFileReference; fileEncoding = 4; lastKnownFileType = sourcecode.c.objc; path = SDWebImageManager.m; sourceTree = "<group>"; };
		3DF40B4916A0DAA400C05F6D /* SDWebImageManagerDelegate.h */ = {isa = PBXFileReference; fileEncoding = 4; lastKnownFileType = sourcecode.c.h; path = SDWebImageManagerDelegate.h; sourceTree = "<group>"; };
		3DF40B4A16A0DAA400C05F6D /* SDWebImagePrefetcher.h */ = {isa = PBXFileReference; fileEncoding = 4; lastKnownFileType = sourcecode.c.h; path = SDWebImagePrefetcher.h; sourceTree = "<group>"; };
		3DF40B4B16A0DAA400C05F6D /* SDWebImagePrefetcher.m */ = {isa = PBXFileReference; fileEncoding = 4; lastKnownFileType = sourcecode.c.objc; path = SDWebImagePrefetcher.m; sourceTree = "<group>"; };
		3DF40B4C16A0DAA400C05F6D /* UIButton+WebCache.h */ = {isa = PBXFileReference; fileEncoding = 4; lastKnownFileType = sourcecode.c.h; path = "UIButton+WebCache.h"; sourceTree = "<group>"; };
		3DF40B4D16A0DAA400C05F6D /* UIButton+WebCache.m */ = {isa = PBXFileReference; fileEncoding = 4; lastKnownFileType = sourcecode.c.objc; path = "UIButton+WebCache.m"; sourceTree = "<group>"; };
		3DF40B4E16A0DAA400C05F6D /* UIImageView+WebCache.h */ = {isa = PBXFileReference; fileEncoding = 4; lastKnownFileType = sourcecode.c.h; path = "UIImageView+WebCache.h"; sourceTree = "<group>"; };
		3DF40B4F16A0DAA400C05F6D /* UIImageView+WebCache.m */ = {isa = PBXFileReference; fileEncoding = 4; lastKnownFileType = sourcecode.c.objc; path = "UIImageView+WebCache.m"; sourceTree = "<group>"; };
/* End PBXFileReference section */

/* Begin PBXFrameworksBuildPhase section */
		3DF40AD316A08BE200C05F6D /* Frameworks */ = {
			isa = PBXFrameworksBuildPhase;
			buildActionMask = 2147483647;
			files = (
				3D37A62316A3541300E6EB49 /* QuartzCore.framework in Frameworks */,
				3D37A62116A3531700E6EB49 /* MapKit.framework in Frameworks */,
				3DF40ADB16A08BE200C05F6D /* UIKit.framework in Frameworks */,
				3DF40ADD16A08BE200C05F6D /* Foundation.framework in Frameworks */,
				3DF40ADF16A08BE200C05F6D /* CoreGraphics.framework in Frameworks */,
			);
			runOnlyForDeploymentPostprocessing = 0;
		};
/* End PBXFrameworksBuildPhase section */

/* Begin PBXGroup section */
		3D37A61416A31A4A00E6EB49 /* Categories */ = {
			isa = PBXGroup;
			children = (
				3D37A61616A31A7600E6EB49 /* UIImage+Additons.h */,
				3D37A61716A31A7600E6EB49 /* UIImage+Additons.m */,
			);
			name = Categories;
			sourceTree = "<group>";
		};
		3DF40ACB16A08BE200C05F6D = {
			isa = PBXGroup;
			children = (
				3D37A62216A3541300E6EB49 /* QuartzCore.framework */,
				3DF40AE016A08BE200C05F6D /* Bottle Rocket iOS Developer Test */,
				3DF40AD916A08BE200C05F6D /* Frameworks */,
				3DF40AD716A08BE200C05F6D /* Products */,
			);
			sourceTree = "<group>";
		};
		3DF40AD716A08BE200C05F6D /* Products */ = {
			isa = PBXGroup;
			children = (
				3DF40AD616A08BE200C05F6D /* Bottle Rocket iOS Developer Test.app */,
			);
			name = Products;
			sourceTree = "<group>";
		};
		3DF40AD916A08BE200C05F6D /* Frameworks */ = {
			isa = PBXGroup;
			children = (
				3D37A62016A3531700E6EB49 /* MapKit.framework */,
				3DF40ADA16A08BE200C05F6D /* UIKit.framework */,
				3DF40ADC16A08BE200C05F6D /* Foundation.framework */,
				3DF40ADE16A08BE200C05F6D /* CoreGraphics.framework */,
				3DF40AF816A08BE200C05F6D /* SenTestingKit.framework */,
			);
			name = Frameworks;
			sourceTree = "<group>";
		};
		3DF40AE016A08BE200C05F6D /* Bottle Rocket iOS Developer Test */ = {
			isa = PBXGroup;
			children = (
				3D37A61416A31A4A00E6EB49 /* Categories */,
				3DF40B1C16A08F8200C05F6D /* Classes */,
				3DF40B1316A08C9800C05F6D /* Vendors */,
				3DF40AE916A08BE200C05F6D /* AppDelegate.h */,
				3DF40AEA16A08BE200C05F6D /* AppDelegate.m */,
				3DF40AE116A08BE200C05F6D /* Supporting Files */,
			);
			path = "Bottle Rocket iOS Developer Test";
			sourceTree = "<group>";
		};
		3DF40AE116A08BE200C05F6D /* Supporting Files */ = {
			isa = PBXGroup;
			children = (
				3DF40AE216A08BE200C05F6D /* Bottle Rocket iOS Developer Test-Info.plist */,
				3DF40AE316A08BE200C05F6D /* InfoPlist.strings */,
				3DF40AE616A08BE200C05F6D /* main.m */,
				3DF40AE816A08BE200C05F6D /* Bottle Rocket iOS Developer Test-Prefix.pch */,
				3DF40AEC16A08BE200C05F6D /* Default.png */,
				3DF40AEE16A08BE200C05F6D /* Default@2x.png */,
				3DF40AF016A08BE200C05F6D /* Default-568h@2x.png */,
			);
			name = "Supporting Files";
			sourceTree = "<group>";
		};
		3DF40B1316A08C9800C05F6D /* Vendors */ = {
			isa = PBXGroup;
			children = (
				3DF40B3D16A0DAA400C05F6D /* SDWebImage */,
			);
			path = Vendors;
			sourceTree = "<group>";
		};
		3DF40B1C16A08F8200C05F6D /* Classes */ = {
			isa = PBXGroup;
			children = (
				3DF40B3916A0D96200C05F6D /* TableViewCell */,
				3DF40B1D16A08FC000C05F6D /* RootViewController.h */,
				3DF40B1E16A08FC000C05F6D /* RootViewController.m */,
				3DF40B2316A0910100C05F6D /* Tab1TableViewController.h */,
				3DF40B2416A0910100C05F6D /* Tab1TableViewController.m */,
				3DF40B2616A0911300C05F6D /* Tab2ViewController.h */,
				3DF40B2716A0911300C05F6D /* Tab2ViewController.m */,
				3D37A61916A32EA800E6EB49 /* DetailViewController.h */,
				3D37A61A16A32EA800E6EB49 /* DetailViewController.m */,
				3D37A62416A3554F00E6EB49 /* Annotation.h */,
				3D37A62516A3554F00E6EB49 /* Annotation.m */,
			);
			name = Classes;
			sourceTree = "<group>";
		};
		3DF40B3916A0D96200C05F6D /* TableViewCell */ = {
			isa = PBXGroup;
			children = (
				3DF40B3A16A0D9A500C05F6D /* CustomTableViewCell.h */,
				3DF40B3B16A0D9A500C05F6D /* CustomTableViewCell.m */,
			);
			name = TableViewCell;
			sourceTree = "<group>";
		};
		3DF40B3D16A0DAA400C05F6D /* SDWebImage */ = {
			isa = PBXGroup;
			children = (
				3DF40B3E16A0DAA400C05F6D /* SDImageCache.h */,
				3DF40B3F16A0DAA400C05F6D /* SDImageCache.m */,
				3DF40B4016A0DAA400C05F6D /* SDImageCacheDelegate.h */,
				3DF40B4116A0DAA400C05F6D /* SDWebImageCompat.h */,
				3DF40B4216A0DAA400C05F6D /* SDWebImageDecoder.h */,
				3DF40B4316A0DAA400C05F6D /* SDWebImageDecoder.m */,
				3DF40B4416A0DAA400C05F6D /* SDWebImageDownloader.h */,
				3DF40B4516A0DAA400C05F6D /* SDWebImageDownloader.m */,
				3DF40B4616A0DAA400C05F6D /* SDWebImageDownloaderDelegate.h */,
				3DF40B4716A0DAA400C05F6D /* SDWebImageManager.h */,
				3DF40B4816A0DAA400C05F6D /* SDWebImageManager.m */,
				3DF40B4916A0DAA400C05F6D /* SDWebImageManagerDelegate.h */,
				3DF40B4A16A0DAA400C05F6D /* SDWebImagePrefetcher.h */,
				3DF40B4B16A0DAA400C05F6D /* SDWebImagePrefetcher.m */,
				3DF40B4C16A0DAA400C05F6D /* UIButton+WebCache.h */,
				3DF40B4D16A0DAA400C05F6D /* UIButton+WebCache.m */,
				3DF40B4E16A0DAA400C05F6D /* UIImageView+WebCache.h */,
				3DF40B4F16A0DAA400C05F6D /* UIImageView+WebCache.m */,
			);
			path = SDWebImage;
			sourceTree = "<group>";
		};
/* End PBXGroup section */

/* Begin PBXNativeTarget section */
		3DF40AD516A08BE200C05F6D /* Bottle Rocket iOS Developer Test */ = {
			isa = PBXNativeTarget;
			buildConfigurationList = 3DF40B0916A08BE200C05F6D /* Build configuration list for PBXNativeTarget "Bottle Rocket iOS Developer Test" */;
			buildPhases = (
				3DF40AD216A08BE200C05F6D /* Sources */,
				3DF40AD316A08BE200C05F6D /* Frameworks */,
				3DF40AD416A08BE200C05F6D /* Resources */,
			);
			buildRules = (
			);
			dependencies = (
			);
			name = "Bottle Rocket iOS Developer Test";
			productName = "Bottle Rocket iOS Developer Test";
			productReference = 3DF40AD616A08BE200C05F6D /* Bottle Rocket iOS Developer Test.app */;
			productType = "com.apple.product-type.application";
		};
/* End PBXNativeTarget section */

/* Begin PBXProject section */
		3DF40ACD16A08BE200C05F6D /* Project object */ = {
			isa = PBXProject;
			attributes = {
				LastUpgradeCheck = 0450;
				ORGANIZATIONNAME = "Joy Tao";
			};
			buildConfigurationList = 3DF40AD016A08BE200C05F6D /* Build configuration list for PBXProject "Bottle Rocket iOS Developer Test" */;
			compatibilityVersion = "Xcode 3.2";
			developmentRegion = English;
			hasScannedForEncodings = 0;
			knownRegions = (
				en,
			);
			mainGroup = 3DF40ACB16A08BE200C05F6D;
			productRefGroup = 3DF40AD716A08BE200C05F6D /* Products */;
			projectDirPath = "";
			projectRoot = "";
			targets = (
				3DF40AD516A08BE200C05F6D /* Bottle Rocket iOS Developer Test */,
			);
		};
/* End PBXProject section */

/* Begin PBXResourcesBuildPhase section */
		3DF40AD416A08BE200C05F6D /* Resources */ = {
			isa = PBXResourcesBuildPhase;
			buildActionMask = 2147483647;
			files = (
				3DF40AE516A08BE200C05F6D /* InfoPlist.strings in Resources */,
				3DF40AED16A08BE200C05F6D /* Default.png in Resources */,
				3DF40AEF16A08BE200C05F6D /* Default@2x.png in Resources */,
				3DF40AF116A08BE200C05F6D /* Default-568h@2x.png in Resources */,
			);
			runOnlyForDeploymentPostprocessing = 0;
		};
/* End PBXResourcesBuildPhase section */

/* Begin PBXSourcesBuildPhase section */
		3DF40AD216A08BE200C05F6D /* Sources */ = {
			isa = PBXSourcesBuildPhase;
			buildActionMask = 2147483647;
			files = (
				3DF40AE716A08BE200C05F6D /* main.m in Sources */,
				3DF40AEB16A08BE200C05F6D /* AppDelegate.m in Sources */,
				3DF40B1F16A08FC000C05F6D /* RootViewController.m in Sources */,
				3DF40B2516A0910100C05F6D /* Tab1TableViewController.m in Sources */,
				3DF40B2816A0911300C05F6D /* Tab2ViewController.m in Sources */,
				3DF40B3C16A0D9A500C05F6D /* CustomTableViewCell.m in Sources */,
				3DF40B5016A0DAA400C05F6D /* SDImageCache.m in Sources */,
				3DF40B5116A0DAA400C05F6D /* SDWebImageDecoder.m in Sources */,
				3DF40B5216A0DAA400C05F6D /* SDWebImageDownloader.m in Sources */,
				3DF40B5316A0DAA400C05F6D /* SDWebImageManager.m in Sources */,
				3DF40B5416A0DAA400C05F6D /* SDWebImagePrefetcher.m in Sources */,
				3DF40B5516A0DAA400C05F6D /* UIButton+WebCache.m in Sources */,
				3DF40B5616A0DAA400C05F6D /* UIImageView+WebCache.m in Sources */,
				3D37A61816A31A7600E6EB49 /* UIImage+Additons.m in Sources */,
				3D37A61B16A32EA800E6EB49 /* DetailViewController.m in Sources */,
				3D37A62616A3554F00E6EB49 /* Annotation.m in Sources */,
			);
			runOnlyForDeploymentPostprocessing = 0;
		};
/* End PBXSourcesBuildPhase section */

/* Begin PBXVariantGroup section */
		3DF40AE316A08BE200C05F6D /* InfoPlist.strings */ = {
			isa = PBXVariantGroup;
			children = (
				3DF40AE416A08BE200C05F6D /* en */,
			);
			name = InfoPlist.strings;
			sourceTree = "<group>";
		};
/* End PBXVariantGroup section */

/* Begin XCBuildConfiguration section */
		3DF40B0716A08BE200C05F6D /* Debug */ = {
			isa = XCBuildConfiguration;
			buildSettings = {
				ALWAYS_SEARCH_USER_PATHS = NO;
				CLANG_CXX_LANGUAGE_STANDARD = "gnu++0x";
				CLANG_CXX_LIBRARY = "libc++";
				CLANG_WARN_EMPTY_BODY = YES;
				CLANG_WARN__DUPLICATE_METHOD_MATCH = YES;
				"CODE_SIGN_IDENTITY[sdk=iphoneos*]" = "iPhone Developer";
				COPY_PHASE_STRIP = NO;
				GCC_C_LANGUAGE_STANDARD = gnu99;
				GCC_DYNAMIC_NO_PIC = NO;
				GCC_OPTIMIZATION_LEVEL = 0;
				GCC_PREPROCESSOR_DEFINITIONS = (
					"DEBUG=1",
					"$(inherited)",
				);
				GCC_SYMBOLS_PRIVATE_EXTERN = NO;
				GCC_WARN_ABOUT_RETURN_TYPE = YES;
				GCC_WARN_UNINITIALIZED_AUTOS = YES;
				GCC_WARN_UNUSED_VARIABLE = YES;
				IPHONEOS_DEPLOYMENT_TARGET = 4.0;
				ONLY_ACTIVE_ARCH = YES;
				SDKROOT = iphoneos;
				TARGETED_DEVICE_FAMILY = "1,2";
			};
			name = Debug;
		};
		3DF40B0816A08BE200C05F6D /* Release */ = {
			isa = XCBuildConfiguration;
			buildSettings = {
				ALWAYS_SEARCH_USER_PATHS = NO;
				CLANG_CXX_LANGUAGE_STANDARD = "gnu++0x";
				CLANG_CXX_LIBRARY = "libc++";
				CLANG_WARN_EMPTY_BODY = YES;
				CLANG_WARN__DUPLICATE_METHOD_MATCH = YES;
				"CODE_SIGN_IDENTITY[sdk=iphoneos*]" = "iPhone Developer";
				COPY_PHASE_STRIP = YES;
				GCC_C_LANGUAGE_STANDARD = gnu99;
				GCC_WARN_ABOUT_RETURN_TYPE = YES;
				GCC_WARN_UNINITIALIZED_AUTOS = YES;
				GCC_WARN_UNUSED_VARIABLE = YES;
				IPHONEOS_DEPLOYMENT_TARGET = 4.0;
				OTHER_CFLAGS = "-DNS_BLOCK_ASSERTIONS=1";
				SDKROOT = iphoneos;
				TARGETED_DEVICE_FAMILY = "1,2";
				VALIDATE_PRODUCT = YES;
			};
			name = Release;
		};
		3DF40B0A16A08BE200C05F6D /* Debug */ = {
			isa = XCBuildConfiguration;
			buildSettings = {
				GCC_PRECOMPILE_PREFIX_HEADER = YES;
				GCC_PREFIX_HEADER = "Bottle Rocket iOS Developer Test/Bottle Rocket iOS Developer Test-Prefix.pch";
				INFOPLIST_FILE = "Bottle Rocket iOS Developer Test/Bottle Rocket iOS Developer Test-Info.plist";
				IPHONEOS_DEPLOYMENT_TARGET = 4.0;
				PRODUCT_NAME = "$(TARGET_NAME)";
				TARGETED_DEVICE_FAMILY = "1,2";
				WRAPPER_EXTENSION = app;
			};
			name = Debug;
		};
		3DF40B0B16A08BE200C05F6D /* Release */ = {
			isa = XCBuildConfiguration;
			buildSettings = {
				GCC_PRECOMPILE_PREFIX_HEADER = YES;
				GCC_PREFIX_HEADER = "Bottle Rocket iOS Developer Test/Bottle Rocket iOS Developer Test-Prefix.pch";
				INFOPLIST_FILE = "Bottle Rocket iOS Developer Test/Bottle Rocket iOS Developer Test-Info.plist";
				IPHONEOS_DEPLOYMENT_TARGET = 4.0;
				PRODUCT_NAME = "$(TARGET_NAME)";
				TARGETED_DEVICE_FAMILY = "1,2";
				WRAPPER_EXTENSION = app;
			};
			name = Release;
		};
/* End XCBuildConfiguration section */

/* Begin XCConfigurationList section */
		3DF40AD016A08BE200C05F6D /* Build configuration list for PBXProject "Bottle Rocket iOS Developer Test" */ = {
			isa = XCConfigurationList;
			buildConfigurations = (
				3DF40B0716A08BE200C05F6D /* Debug */,
				3DF40B0816A08BE200C05F6D /* Release */,
			);
			defaultConfigurationIsVisible = 0;
			defaultConfigurationName = Release;
		};
		3DF40B0916A08BE200C05F6D /* Build configuration list for PBXNativeTarget "Bottle Rocket iOS Developer Test" */ = {
			isa = XCConfigurationList;
			buildConfigurations = (
				3DF40B0A16A08BE200C05F6D /* Debug */,
				3DF40B0B16A08BE200C05F6D /* Release */,
			);
			defaultConfigurationIsVisible = 0;
			defaultConfigurationName = Release;
		};
/* End XCConfigurationList section */
	};
	rootObject = 3DF40ACD16A08BE200C05F6D /* Project object */;
}
